<?xml version="1.0" encoding="utf-8"?>
<Project ToolsVersion="4.0" xmlns="http://schemas.microsoft.com/developer/msbuild/2003">
  <ItemGroup>
    <ClCompile Include="main.cpp" />
    <ClCompile Include="Renderer.cpp">
      <Filter>Engine\Renderer</Filter>
    </ClCompile>
    <ClCompile Include="ImGui\imgui.cpp">
      <Filter>Engine\UI\ImGui</Filter>
    </ClCompile>
    <ClCompile Include="ImGui\imgui_demo.cpp">
      <Filter>Engine\UI\ImGui</Filter>
    </ClCompile>
    <ClCompile Include="ImGui\imgui_draw.cpp">
      <Filter>Engine\UI\ImGui</Filter>
    </ClCompile>
    <ClCompile Include="ImGui\imgui_impl_dx11.cpp">
      <Filter>Engine\UI\ImGui</Filter>
    </ClCompile>
    <ClCompile Include="ImGui\imgui_impl_win32.cpp">
      <Filter>Engine\UI\ImGui</Filter>
    </ClCompile>
    <ClCompile Include="ImGui\imgui_tables.cpp">
      <Filter>Engine\UI\ImGui</Filter>
    </ClCompile>
    <ClCompile Include="ImGui\imgui_widgets.cpp">
      <Filter>Engine\UI\ImGui</Filter>
    </ClCompile>
    <ClCompile Include="D3D.cpp">
      <Filter>D3D</Filter>
    </ClCompile>
    <ClCompile Include="Camera.cpp">
      <Filter>Engine\GameObject\Camera</Filter>
    </ClCompile>
    <ClCompile Include="D3DShader.cpp">
      <Filter>Engine\Resources\Shader</Filter>
    </ClCompile>
    <ClCompile Include="GameObject.cpp">
      <Filter>Engine\GameObject</Filter>
    </ClCompile>
    <ClCompile Include="Math.cpp">
      <Filter>Engine\Math</Filter>
    </ClCompile>
    <ClCompile Include="Transform.cpp">
      <Filter>Engine\Math</Filter>
    </ClCompile>
    <ClCompile Include="RigidBodyComponent.cpp">
      <Filter>Engine\Components\RigidBody</Filter>
    </ClCompile>
    <ClCompile Include="CollisionComponent.cpp">
      <Filter>Engine\Components\Collision</Filter>
    </ClCompile>
    <ClCompile Include="CollisionManager.cpp">
      <Filter>Engine\Managers</Filter>
    </ClCompile>
    <ClCompile Include="ActorComponent.cpp">
      <Filter>Engine\Components\ActorComponent</Filter>
    </ClCompile>
    <ClCompile Include="ElasticBody.cpp">
      <Filter>Contents\ElasticBody</Filter>
    </ClCompile>
    <ClCompile Include="CollisionDetector.cpp">
      <Filter>Engine\Physics</Filter>
    </ClCompile>
    <ClCompile Include="CollisionEventDispatcher.cpp">
      <Filter>Engine\Physics</Filter>
    </ClCompile>
    <ClCompile Include="CollisionResponseCalculator.cpp">
      <Filter>Engine\Physics</Filter>
    </ClCompile>
    <ClCompile Include="Model.cpp">
      <Filter>Engine\Model</Filter>
    </ClCompile>
    <ClCompile Include="DynamicAABBTree.cpp">
      <Filter>Engine\DataStructure\DynamicAABBTree</Filter>
    </ClCompile>
    <ClCompile Include="GameplayScene01.cpp">
      <Filter>Contents\Scenes\Scene1</Filter>
    </ClCompile>
    <ClCompile Include="Texture.cpp">
      <Filter>Engine\Resources\Texture</Filter>
    </ClCompile>
    <ClCompile Include="ResourceManager.cpp">
      <Filter>Engine\Managers</Filter>
    </ClCompile>
    <ClCompile Include="GameplayScene02.cpp">
      <Filter>Contents\Scenes\Scene2</Filter>
    </ClCompile>
    <ClCompile Include="PrimitiveComponent.cpp">
      <Filter>Engine\Components\ActorComponent\Scene\Primitive</Filter>
    </ClCompile>
    <ClCompile Include="SceneComponent.cpp">
      <Filter>Engine\Components\ActorComponent\Scene</Filter>
    </ClCompile>
    <ClCompile Include="RenderContext.cpp">
      <Filter>Engine\Renderer</Filter>
    </ClCompile>
    <ClCompile Include="D3DContextDebugger.cpp">
      <Filter>D3D\Debug</Filter>
    </ClCompile>
    <ClCompile Include="PixelShader.cpp">
      <Filter>Engine\Resources\Shader\Pixel</Filter>
    </ClCompile>
    <ClCompile Include="VertexShader.cpp">
      <Filter>Engine\Resources\Shader\Vertex</Filter>
    </ClCompile>
    <ClCompile Include="RenderDataTexture.cpp">
      <Filter>Engine\Renderer\RenderData\Texture</Filter>
    </ClCompile>
    <ClCompile Include="RenderStates.cpp">
      <Filter>Engine\Renderer\RenderStates</Filter>
    </ClCompile>
    <ClCompile Include="ResourceHandle.cpp">
      <Filter>Engine\Resources</Filter>
    </ClCompile>
    <ClCompile Include="Material.cpp">
      <Filter>Engine\Resources\Material</Filter>
    </ClCompile>
  </ItemGroup>
  <ItemGroup>
    <Filter Include="D3D">
      <UniqueIdentifier>{96ed34c5-c686-461c-bf81-b6e274ae5ec6}</UniqueIdentifier>
    </Filter>
    <Filter Include="Engine">
      <UniqueIdentifier>{8c5127dc-5848-4663-a58a-b4f9641cc18f}</UniqueIdentifier>
    </Filter>
    <Filter Include="Engine\Renderer">
      <UniqueIdentifier>{16351b72-ec26-4539-a003-314d4139c3af}</UniqueIdentifier>
    </Filter>
    <Filter Include="Engine\Interface">
      <UniqueIdentifier>{370944e7-eb8c-4096-a67a-ea04f06dbf48}</UniqueIdentifier>
    </Filter>
    <Filter Include="Engine\Model">
      <UniqueIdentifier>{2685c678-d646-4cc5-9971-fbb49f8021ce}</UniqueIdentifier>
    </Filter>
    <Filter Include="Engine\Math">
      <UniqueIdentifier>{84f871a3-4134-4fb7-abd6-827c8f800c1a}</UniqueIdentifier>
    </Filter>
    <Filter Include="Engine\UI">
      <UniqueIdentifier>{bbd1ef54-7752-42b6-b184-2bf9e9e65a21}</UniqueIdentifier>
    </Filter>
    <Filter Include="Engine\UI\ImGui">
      <UniqueIdentifier>{aaeca9b3-516e-4bf6-a486-f082b7831733}</UniqueIdentifier>
    </Filter>
    <Filter Include="HLSL">
      <UniqueIdentifier>{cfce8272-d447-4f37-923b-163defeb23db}</UniqueIdentifier>
    </Filter>
    <Filter Include="Engine\GameObject">
      <UniqueIdentifier>{676a394e-aa58-4da8-a083-26ce189609f6}</UniqueIdentifier>
    </Filter>
    <Filter Include="Engine\GameObject\Camera">
      <UniqueIdentifier>{a620b8dd-3d1f-4c1c-ba0a-dc547a2111e0}</UniqueIdentifier>
    </Filter>
    <Filter Include="Engine\Input">
      <UniqueIdentifier>{959278a9-40d6-421c-b1b0-cf28bbf270ad}</UniqueIdentifier>
    </Filter>
    <Filter Include="Engine\Delegate">
      <UniqueIdentifier>{bfc2cec4-294c-461a-bb81-22865ef0ab6d}</UniqueIdentifier>
    </Filter>
    <Filter Include="Engine\Components">
      <UniqueIdentifier>{1c245548-bed2-4957-800d-fb2e516feae0}</UniqueIdentifier>
    </Filter>
    <Filter Include="Engine\Managers">
      <UniqueIdentifier>{f545c3d7-a84c-4cf8-ad2d-1b86e7083b88}</UniqueIdentifier>
    </Filter>
    <Filter Include="Engine\Components\RigidBody">
      <UniqueIdentifier>{97afcc3b-a5d4-4070-a7ff-2ae2714cdd63}</UniqueIdentifier>
    </Filter>
    <Filter Include="Engine\Components\Collision">
      <UniqueIdentifier>{f8174b14-3bde-47c9-8241-dff6b2941076}</UniqueIdentifier>
    </Filter>
    <Filter Include="Engine\DataStructure">
      <UniqueIdentifier>{3789f00b-54d1-4c05-b63f-fa85424a14d0}</UniqueIdentifier>
    </Filter>
    <Filter Include="Engine\Components\ActorComponent">
      <UniqueIdentifier>{31f86bb6-e4bf-499d-8b15-d73ae7bd0585}</UniqueIdentifier>
    </Filter>
    <Filter Include="Contents">
      <UniqueIdentifier>{59fe685c-6920-4443-bf8d-3ab9ea70edbc}</UniqueIdentifier>
    </Filter>
    <Filter Include="Contents\ElasticBody">
      <UniqueIdentifier>{888872cb-8e27-40c9-9d75-e730af1aa8b8}</UniqueIdentifier>
    </Filter>
    <Filter Include="Engine\Physics">
      <UniqueIdentifier>{54ddae73-1854-40a2-8f83-9ad503b0471a}</UniqueIdentifier>
    </Filter>
    <Filter Include="Engine\Model\Vertex">
      <UniqueIdentifier>{9ce88f28-62b5-4c33-8d44-9b50a670ef8e}</UniqueIdentifier>
    </Filter>
    <Filter Include="D3D\Buffer">
      <UniqueIdentifier>{4c3ccda6-25fe-4d99-9400-97d9cebbabe6}</UniqueIdentifier>
    </Filter>
    <Filter Include="Engine\DataStructure\DynamicAABBTree">
      <UniqueIdentifier>{77e10acf-6d19-4e96-b63a-2345eb71071b}</UniqueIdentifier>
    </Filter>
    <Filter Include="Engine\DataStructure\DynamicAABBTree\test">
      <UniqueIdentifier>{8be354d4-b7f2-4f6e-8e35-51a3a45c2e43}</UniqueIdentifier>
    </Filter>
    <Filter Include="Engine\Scene">
      <UniqueIdentifier>{d953a0f8-c3fb-43b3-8c82-891be96f0c1b}</UniqueIdentifier>
    </Filter>
    <Filter Include="Contents\Scenes">
      <UniqueIdentifier>{81ed0914-7efe-452a-8fe9-18306d76e905}</UniqueIdentifier>
    </Filter>
    <Filter Include="Contents\Scenes\Scene1">
      <UniqueIdentifier>{ddb70e12-28df-483d-8c50-e5b46dc1bf8d}</UniqueIdentifier>
    </Filter>
    <Filter Include="Engine\Resources">
      <UniqueIdentifier>{a86807fb-7457-4cfd-ae18-567c2022eada}</UniqueIdentifier>
    </Filter>
    <Filter Include="Engine\Resources\Shader">
      <UniqueIdentifier>{dd10939c-42db-4ab8-9dcd-49a6b536b698}</UniqueIdentifier>
    </Filter>
    <Filter Include="Engine\Resources\Texture">
      <UniqueIdentifier>{5748ce1d-105a-40ce-b7a9-d258531e7723}</UniqueIdentifier>
    </Filter>
    <Filter Include="Contents\Scenes\Scene2">
      <UniqueIdentifier>{e9b29a5b-ecca-4913-93ab-6f047d3670ed}</UniqueIdentifier>
    </Filter>
    <Filter Include="Engine\Components\ActorComponent\Scene">
      <UniqueIdentifier>{b340809a-6ee0-476d-921b-78c17dd988d5}</UniqueIdentifier>
    </Filter>
    <Filter Include="Engine\Core">
      <UniqueIdentifier>{9706677a-0640-455f-b237-cc37c18e125a}</UniqueIdentifier>
    </Filter>
    <Filter Include="Engine\DataStructure\MemoryPool">
      <UniqueIdentifier>{1aea0121-5587-49b2-aba7-b4f3ce240883}</UniqueIdentifier>
    </Filter>
    <Filter Include="D3D\Debug">
      <UniqueIdentifier>{27ac65cd-f332-4dc5-844a-d1052006c884}</UniqueIdentifier>
    </Filter>
    <Filter Include="Engine\Resources\Shader\Pixel">
      <UniqueIdentifier>{a09163ea-3257-4377-b593-68b0e7ef44d7}</UniqueIdentifier>
    </Filter>
    <Filter Include="Engine\Resources\Shader\Vertex">
      <UniqueIdentifier>{3fbdeccb-0d68-4a62-a070-e2eb4414dcc3}</UniqueIdentifier>
    </Filter>
    <Filter Include="Engine\Components\ActorComponent\Scene\Primitive">
      <UniqueIdentifier>{ebbd8135-22e8-4dfb-b9a8-242f3b6fc427}</UniqueIdentifier>
    </Filter>
    <Filter Include="Engine\Components\ActorComponent\Scene\testScene">
      <UniqueIdentifier>{13050b5e-b382-464d-9564-554b89c7f06a}</UniqueIdentifier>
    </Filter>
    <Filter Include="Engine\Renderer\RenderData">
      <UniqueIdentifier>{df8be48c-26f4-45df-84c5-e34ef68e5ca7}</UniqueIdentifier>
    </Filter>
    <Filter Include="Engine\Renderer\RenderData\Texture">
      <UniqueIdentifier>{db5477cf-c077-4f53-af93-e27cd6104fd1}</UniqueIdentifier>
    </Filter>
    <Filter Include="Engine\Renderer\RenderStates">
      <UniqueIdentifier>{9be6a8cf-40fc-4eea-8f79-39230118debd}</UniqueIdentifier>
    </Filter>
    <Filter Include="Engine\Resources\Material">
      <UniqueIdentifier>{ad3600cb-09e7-41a1-8ab8-c8132e656580}</UniqueIdentifier>
    </Filter>
    <Filter Include="Engine\Debug">
      <UniqueIdentifier>{3bae8376-c080-4939-b0a5-d0153ccf1157}</UniqueIdentifier>
    </Filter>
  </ItemGroup>
  <ItemGroup>
    <ClInclude Include="Renderer.h">
      <Filter>Engine\Renderer</Filter>
    </ClInclude>
    <ClInclude Include="ImGui\imconfig.h">
      <Filter>Engine\UI\ImGui</Filter>
    </ClInclude>
    <ClInclude Include="ImGui\imgui.h">
      <Filter>Engine\UI\ImGui</Filter>
    </ClInclude>
    <ClInclude Include="ImGui\imgui_impl_dx11.h">
      <Filter>Engine\UI\ImGui</Filter>
    </ClInclude>
    <ClInclude Include="ImGui\imgui_impl_win32.h">
      <Filter>Engine\UI\ImGui</Filter>
    </ClInclude>
    <ClInclude Include="ImGui\imgui_internal.h">
      <Filter>Engine\UI\ImGui</Filter>
    </ClInclude>
    <ClInclude Include="ImGui\imstb_rectpack.h">
      <Filter>Engine\UI\ImGui</Filter>
    </ClInclude>
    <ClInclude Include="ImGui\imstb_textedit.h">
      <Filter>Engine\UI\ImGui</Filter>
    </ClInclude>
    <ClInclude Include="ImGui\imstb_truetype.h">
      <Filter>Engine\UI\ImGui</Filter>
    </ClInclude>
    <ClInclude Include="D3D.h">
      <Filter>D3D</Filter>
    </ClInclude>
    <ClInclude Include="Model.h">
      <Filter>Engine\Model</Filter>
    </ClInclude>
    <ClInclude Include="Camera.h">
      <Filter>Engine\GameObject\Camera</Filter>
    </ClInclude>
    <ClInclude Include="D3DShader.h">
      <Filter>Engine\Resources\Shader</Filter>
    </ClInclude>
    <ClInclude Include="Math.h">
      <Filter>Engine\Math</Filter>
    </ClInclude>
    <ClInclude Include="Transform.h">
      <Filter>Engine\Math</Filter>
    </ClInclude>
    <ClInclude Include="GameObject.h">
      <Filter>Engine\GameObject</Filter>
    </ClInclude>
    <ClInclude Include="Frustum.h">
      <Filter>Engine\Math</Filter>
    </ClInclude>
    <ClInclude Include="Delegate.h">
      <Filter>Engine\Delegate</Filter>
    </ClInclude>
    <ClInclude Include="RigidBodyComponent.h">
      <Filter>Engine\Components\RigidBody</Filter>
    </ClInclude>
    <ClInclude Include="CollisionComponent.h">
      <Filter>Engine\Components\Collision</Filter>
    </ClInclude>
    <ClInclude Include="CollisionManager.h">
      <Filter>Engine\Managers</Filter>
    </ClInclude>
    <ClInclude Include="Color.h">
      <Filter>Engine\Math</Filter>
    </ClInclude>
    <ClInclude Include="DynamicBoundableInterface.h">
      <Filter>Engine\Interface</Filter>
    </ClInclude>
    <ClInclude Include="ActorComponent.h">
      <Filter>Engine\Components\ActorComponent</Filter>
    </ClInclude>
    <ClInclude Include="ElasticBody.h">
      <Filter>Contents\ElasticBody</Filter>
    </ClInclude>
    <ClInclude Include="CollisionDetector.h">
      <Filter>Engine\Physics</Filter>
    </ClInclude>
    <ClInclude Include="CollisionEventDispatcher.h">
      <Filter>Engine\Physics</Filter>
    </ClInclude>
    <ClInclude Include="CollisionResponseCalculator.h">
      <Filter>Engine\Physics</Filter>
    </ClInclude>
    <ClInclude Include="CollisionDefines.h">
      <Filter>Engine\Physics</Filter>
    </ClInclude>
    <ClInclude Include="VertexFormat.h">
      <Filter>Engine\Model\Vertex</Filter>
    </ClInclude>
    <ClInclude Include="VertexDataContainer.h">
      <Filter>Engine\Model\Vertex</Filter>
    </ClInclude>
    <ClInclude Include="Random.h">
      <Filter>Engine\Math</Filter>
    </ClInclude>
    <ClInclude Include="define.h">
      <Filter>Engine</Filter>
    </ClInclude>
    <ClInclude Include="DynamicAABBTree.h">
      <Filter>Engine\DataStructure\DynamicAABBTree</Filter>
    </ClInclude>
    <ClInclude Include="testDynamicAABBTree.h">
      <Filter>Engine\DataStructure\DynamicAABBTree\test</Filter>
    </ClInclude>
    <ClInclude Include="InputManager.h">
      <Filter>Engine\Managers</Filter>
    </ClInclude>
    <ClInclude Include="InputContext.h">
      <Filter>Engine\Input</Filter>
    </ClInclude>
    <ClInclude Include="InputDefines.h">
      <Filter>Engine\Input</Filter>
    </ClInclude>
    <ClInclude Include="SceneManager.h">
      <Filter>Engine\Managers</Filter>
    </ClInclude>
    <ClInclude Include="SceneInterface.h">
      <Filter>Engine\Interface</Filter>
    </ClInclude>
    <ClInclude Include="GameplayScene01.h">
      <Filter>Contents\Scenes\Scene1</Filter>
    </ClInclude>
    <ClInclude Include="RenderHardwareInterface.h">
      <Filter>Engine\Interface</Filter>
    </ClInclude>
    <ClInclude Include="ResourceInterface.h">
      <Filter>Engine\Interface</Filter>
    </ClInclude>
    <ClInclude Include="ResourceManager.h">
      <Filter>Engine\Managers</Filter>
    </ClInclude>
    <ClInclude Include="Texture.h">
      <Filter>Engine\Resources\Texture</Filter>
    </ClInclude>
    <ClInclude Include="UIManager.h">
      <Filter>Engine\Managers</Filter>
    </ClInclude>
    <ClInclude Include="GameplayScene02.h">
      <Filter>Contents\Scenes\Scene2</Filter>
    </ClInclude>
    <ClInclude Include="PrimitiveComponent.h">
      <Filter>Engine\Components\ActorComponent\Scene\Primitive</Filter>
    </ClInclude>
    <ClInclude Include="SceneComponent.h">
      <Filter>Engine\Components\ActorComponent\Scene</Filter>
    </ClInclude>
    <ClInclude Include="testSceneComponent.h">
      <Filter>Engine\Components\ActorComponent\Scene\testScene</Filter>
    </ClInclude>
    <ClInclude Include="TypeCast.h">
      <Filter>Engine\Core</Filter>
    </ClInclude>
    <ClInclude Include="RenderContext.h">
      <Filter>Engine\Renderer</Filter>
    </ClInclude>
    <ClInclude Include="RenderStateInterface.h">
      <Filter>Engine\Interface</Filter>
    </ClInclude>
    <ClInclude Include="FixedObjectPool.h">
      <Filter>Engine\DataStructure\MemoryPool</Filter>
    </ClInclude>
    <ClInclude Include="FrameMemoryPool.h">
      <Filter>Engine\DataStructure\MemoryPool</Filter>
    </ClInclude>
    <ClInclude Include="D3DContextDebugger.h">
      <Filter>D3D\Debug</Filter>
    </ClInclude>
    <ClInclude Include="PixelShader.h">
      <Filter>Engine\Resources\Shader\Pixel</Filter>
    </ClInclude>
    <ClInclude Include="VertexShader.h">
      <Filter>Engine\Resources\Shader\Vertex</Filter>
    </ClInclude>
    <ClInclude Include="RenderDefines.h">
      <Filter>Engine\Renderer</Filter>
    </ClInclude>
    <ClInclude Include="RenderDataTexture.h">
      <Filter>Engine\Renderer\RenderData\Texture</Filter>
    </ClInclude>
    <ClInclude Include="RenderStates.h">
      <Filter>Engine\Renderer\RenderStates</Filter>
    </ClInclude>
    <ClInclude Include="RenderDataInterface.h">
      <Filter>Engine\Interface</Filter>
    </ClInclude>
    <ClInclude Include="StringHash.h">
      <Filter>Engine\DataStructure</Filter>
    </ClInclude>
    <ClInclude Include="ResourceHandle.h">
      <Filter>Engine\Resources</Filter>
    </ClInclude>
    <ClInclude Include="Material.h">
      <Filter>Engine\Resources\Material</Filter>
    </ClInclude>
    <ClInclude Include="FramePoolManager.h">
      <Filter>Engine\Managers</Filter>
    </ClInclude>
    <ClInclude Include="Debug.h">
      <Filter>Engine\Debug</Filter>
    </ClInclude>
    <ClInclude Include="DebugDrawerManager.h">
      <Filter>Engine\Managers</Filter>
    </ClInclude>
  </ItemGroup>
  <ItemGroup>
    <FxCompile Include="ShaderMy00.hlsl">
      <Filter>HLSL</Filter>
    </FxCompile>
    <FxCompile Include="ShaderMyPS00.hlsl">
      <Filter>HLSL</Filter>
    </FxCompile>
    <FxCompile Include="ShaderMyVS00.hlsl">
      <Filter>HLSL</Filter>
    </FxCompile>
    <FxCompile Include="ShaderDebugPS.hlsl">
      <Filter>HLSL</Filter>
    </FxCompile>
    <FxCompile Include="ShaderDebugVS.hlsl">
      <Filter>HLSL</Filter>
    </FxCompile>
  </ItemGroup>
  <ItemGroup>
    <None Include="..\.gitignore" />
  </ItemGroup>
</Project>