<?xml version="1.0" encoding="utf-8"?>
<Project ToolsVersion="4.0" xmlns="http://schemas.microsoft.com/developer/msbuild/2003">
  <ItemGroup>
    <ClCompile Include="main.cpp" />
    <ClCompile Include="Renderer.cpp">
      <Filter>Engine\Renderer</Filter>
    </ClCompile>
    <ClCompile Include="ImGui\imgui.cpp">
      <Filter>Engine\UI\ImGui</Filter>
    </ClCompile>
    <ClCompile Include="ImGui\imgui_demo.cpp">
      <Filter>Engine\UI\ImGui</Filter>
    </ClCompile>
    <ClCompile Include="ImGui\imgui_draw.cpp">
      <Filter>Engine\UI\ImGui</Filter>
    </ClCompile>
    <ClCompile Include="ImGui\imgui_impl_dx11.cpp">
      <Filter>Engine\UI\ImGui</Filter>
    </ClCompile>
    <ClCompile Include="ImGui\imgui_impl_win32.cpp">
      <Filter>Engine\UI\ImGui</Filter>
    </ClCompile>
    <ClCompile Include="ImGui\imgui_tables.cpp">
      <Filter>Engine\UI\ImGui</Filter>
    </ClCompile>
    <ClCompile Include="ImGui\imgui_widgets.cpp">
      <Filter>Engine\UI\ImGui</Filter>
    </ClCompile>
    <ClCompile Include="D3D.cpp">
      <Filter>D3D</Filter>
    </ClCompile>
    <ClCompile Include="Model.cpp">
      <Filter>Engine\Model</Filter>
    </ClCompile>
    <ClCompile Include="Camera.cpp">
      <Filter>Engine\GameObject\Camera</Filter>
    </ClCompile>
    <ClCompile Include="D3DShader.cpp">
      <Filter>Engine\Shader</Filter>
    </ClCompile>
    <ClCompile Include="GameObject.cpp">
      <Filter>Engine\GameObject</Filter>
    </ClCompile>
    <ClCompile Include="Math.cpp">
      <Filter>Engine\Math</Filter>
    </ClCompile>
    <ClCompile Include="Transform.cpp">
      <Filter>Engine\Math</Filter>
    </ClCompile>
    <ClCompile Include="BaseModel.cpp">
      <Filter>Engine\Model</Filter>
    </ClCompile>
    <ClCompile Include="InputManager.cpp">
      <Filter>Engine\Input</Filter>
    </ClCompile>
  </ItemGroup>
  <ItemGroup>
    <Filter Include="D3D">
      <UniqueIdentifier>{96ed34c5-c686-461c-bf81-b6e274ae5ec6}</UniqueIdentifier>
    </Filter>
    <Filter Include="Engine">
      <UniqueIdentifier>{8c5127dc-5848-4663-a58a-b4f9641cc18f}</UniqueIdentifier>
    </Filter>
    <Filter Include="Engine\Renderer">
      <UniqueIdentifier>{16351b72-ec26-4539-a003-314d4139c3af}</UniqueIdentifier>
    </Filter>
    <Filter Include="Engine\Interface">
      <UniqueIdentifier>{370944e7-eb8c-4096-a67a-ea04f06dbf48}</UniqueIdentifier>
    </Filter>
    <Filter Include="Engine\Model">
      <UniqueIdentifier>{2685c678-d646-4cc5-9971-fbb49f8021ce}</UniqueIdentifier>
    </Filter>
    <Filter Include="Engine\Math">
      <UniqueIdentifier>{84f871a3-4134-4fb7-abd6-827c8f800c1a}</UniqueIdentifier>
    </Filter>
    <Filter Include="Engine\Shader">
      <UniqueIdentifier>{dd10939c-42db-4ab8-9dcd-49a6b536b698}</UniqueIdentifier>
    </Filter>
    <Filter Include="Engine\UI">
      <UniqueIdentifier>{bbd1ef54-7752-42b6-b184-2bf9e9e65a21}</UniqueIdentifier>
    </Filter>
    <Filter Include="Engine\UI\ImGui">
      <UniqueIdentifier>{aaeca9b3-516e-4bf6-a486-f082b7831733}</UniqueIdentifier>
    </Filter>
    <Filter Include="HLSL">
      <UniqueIdentifier>{cfce8272-d447-4f37-923b-163defeb23db}</UniqueIdentifier>
    </Filter>
    <Filter Include="Engine\GameObject">
      <UniqueIdentifier>{676a394e-aa58-4da8-a083-26ce189609f6}</UniqueIdentifier>
    </Filter>
    <Filter Include="Engine\GameObject\Camera">
      <UniqueIdentifier>{a620b8dd-3d1f-4c1c-ba0a-dc547a2111e0}</UniqueIdentifier>
    </Filter>
    <Filter Include="Engine\Input">
      <UniqueIdentifier>{959278a9-40d6-421c-b1b0-cf28bbf270ad}</UniqueIdentifier>
    </Filter>
    <Filter Include="Engine\Delegate">
      <UniqueIdentifier>{bfc2cec4-294c-461a-bb81-22865ef0ab6d}</UniqueIdentifier>
    </Filter>
  </ItemGroup>
  <ItemGroup>
    <ClInclude Include="Renderer.h">
      <Filter>Engine\Renderer</Filter>
    </ClInclude>
    <ClInclude Include="ImGui\imconfig.h">
      <Filter>Engine\UI\ImGui</Filter>
    </ClInclude>
    <ClInclude Include="ImGui\imgui.h">
      <Filter>Engine\UI\ImGui</Filter>
    </ClInclude>
    <ClInclude Include="ImGui\imgui_impl_dx11.h">
      <Filter>Engine\UI\ImGui</Filter>
    </ClInclude>
    <ClInclude Include="ImGui\imgui_impl_win32.h">
      <Filter>Engine\UI\ImGui</Filter>
    </ClInclude>
    <ClInclude Include="ImGui\imgui_internal.h">
      <Filter>Engine\UI\ImGui</Filter>
    </ClInclude>
    <ClInclude Include="ImGui\imstb_rectpack.h">
      <Filter>Engine\UI\ImGui</Filter>
    </ClInclude>
    <ClInclude Include="ImGui\imstb_textedit.h">
      <Filter>Engine\UI\ImGui</Filter>
    </ClInclude>
    <ClInclude Include="ImGui\imstb_truetype.h">
      <Filter>Engine\UI\ImGui</Filter>
    </ClInclude>
    <ClInclude Include="D3D.h">
      <Filter>D3D</Filter>
    </ClInclude>
    <ClInclude Include="Model.h">
      <Filter>Engine\Model</Filter>
    </ClInclude>
    <ClInclude Include="define.h" />
    <ClInclude Include="Camera.h">
      <Filter>Engine\GameObject\Camera</Filter>
    </ClInclude>
    <ClInclude Include="D3DShader.h">
      <Filter>Engine\Shader</Filter>
    </ClInclude>
    <ClInclude Include="Math.h">
      <Filter>Engine\Math</Filter>
    </ClInclude>
    <ClInclude Include="Transform.h">
      <Filter>Engine\Math</Filter>
    </ClInclude>
    <ClInclude Include="GameObject.h">
      <Filter>Engine\GameObject</Filter>
    </ClInclude>
    <ClInclude Include="RscUtil.h" />
    <ClInclude Include="Frustum.h">
      <Filter>Engine\Math</Filter>
    </ClInclude>
    <ClInclude Include="InputManager.h">
      <Filter>Engine\Input</Filter>
    </ClInclude>
    <ClInclude Include="Delegate.h">
      <Filter>Engine\Delegate</Filter>
    </ClInclude>
  </ItemGroup>
  <ItemGroup>
    <FxCompile Include="ShaderW0.hlsl">
      <Filter>HLSL</Filter>
    </FxCompile>
    <FxCompile Include="ShaderMy00.hlsl">
      <Filter>HLSL</Filter>
    </FxCompile>
    <FxCompile Include="PBRShader00.hlsl">
      <Filter>HLSL</Filter>
    </FxCompile>
  </ItemGroup>
</Project>